
Microsoft Visual Studio Solution File, Format Version 12.00
# Visual Studio Version 17
VisualStudioVersion = 17.9.34714.143
MinimumVisualStudioVersion = 10.0.40219.1
Project("{FAE04EC0-301F-11D3-BF4B-00C04F79EFBC}") = "ECMTricket", "ECMTricket\ECMTricket.csproj", "{81AD9272-B465-4B6D-B0A1-E893A196136B}"
EndProject
Global
	GlobalSection(SolutionConfigurationPlatforms) = preSolution
		Debug|Any CPU = Debug|Any CPU
		Release|Any CPU = Release|Any CPU
	EndGlobalSection
	GlobalSection(ProjectConfigurationPlatforms) = postSolution
		{81AD9272-B465-4B6D-B0A1-E893A196136B}.Debug|Any CPU.ActiveCfg = Debug|Any CPU
		{81AD9272-B465-4B6D-B0A1-E893A196136B}.Debug|Any CPU.Build.0 = Debug|Any CPU
		{81AD9272-B465-4B6D-B0A1-E893A196136B}.Release|Any CPU.ActiveCfg = Release|Any CPU
		{81AD9272-B465-4B6D-B0A1-E893A196136B}.Release|Any CPU.Build.0 = Release|Any CPU
	EndGlobalSection
	GlobalSection(SolutionProperties) = preSolution
		HideSolutionNode = FALSE
	EndGlobalSection
	GlobalSection(ExtensibilityGlobals) = postSolution
		SolutionGuid = {7909DD0B-A6D8-41D8-93D5-2F67176BBDD0}
	EndGlobalSection
EndGlobal
